
Microsoft Visual Studio Solution File, Format Version 12.00
# Visual Studio Version 16
VisualStudioVersion = 16.0.32106.194
MinimumVisualStudioVersion = 10.0.40219.1
Project("{9A19103F-16F7-4668-BE54-9A1E7A4F7556}") = "CursoMVC", "CursoMVC\CursoMVC.csproj", "{EDDFBA6D-03FC-420E-A2E9-9CD1667927DF}"
EndProject
Project("{9A19103F-16F7-4668-BE54-9A1E7A4F7556}") = "CursoAPI", "CursoAPI\CursoAPI.csproj", "{BBA5FDEB-1393-41C6-8634-CB34EDC66A56}"
EndProject
Global
	GlobalSection(SolutionConfigurationPlatforms) = preSolution
		Debug|Any CPU = Debug|Any CPU
		Release|Any CPU = Release|Any CPU
	EndGlobalSection
	GlobalSection(ProjectConfigurationPlatforms) = postSolution
		{EDDFBA6D-03FC-420E-A2E9-9CD1667927DF}.Debug|Any CPU.ActiveCfg = Debug|Any CPU
		{EDDFBA6D-03FC-420E-A2E9-9CD1667927DF}.Debug|Any CPU.Build.0 = Debug|Any CPU
		{EDDFBA6D-03FC-420E-A2E9-9CD1667927DF}.Release|Any CPU.ActiveCfg = Release|Any CPU
		{EDDFBA6D-03FC-420E-A2E9-9CD1667927DF}.Release|Any CPU.Build.0 = Release|Any CPU
		{BBA5FDEB-1393-41C6-8634-CB34EDC66A56}.Debug|Any CPU.ActiveCfg = Debug|Any CPU
		{BBA5FDEB-1393-41C6-8634-CB34EDC66A56}.Debug|Any CPU.Build.0 = Debug|Any CPU
		{BBA5FDEB-1393-41C6-8634-CB34EDC66A56}.Release|Any CPU.ActiveCfg = Release|Any CPU
		{BBA5FDEB-1393-41C6-8634-CB34EDC66A56}.Release|Any CPU.Build.0 = Release|Any CPU
	EndGlobalSection
	GlobalSection(SolutionProperties) = preSolution
		HideSolutionNode = FALSE
	EndGlobalSection
	GlobalSection(ExtensibilityGlobals) = postSolution
		SolutionGuid = {AD9879B9-9698-44C6-B412-5CF067C33C66}
	EndGlobalSection
EndGlobal
